
Microsoft Visual Studio Solution File, Format Version 12.00
# Visual Studio Version 16
VisualStudioVersion = 16.0.30621.155
MinimumVisualStudioVersion = 10.0.40219.1
Project("{FAE04EC0-301F-11D3-BF4B-00C04F79EFBC}") = "SendDataForm", "SendDataForm\SendDataForm.csproj", "{7563C1D1-03B5-4F49-8FC0-B46D6842FAE6}"
EndProject
Global
	GlobalSection(SolutionConfigurationPlatforms) = preSolution
		Debug|Any CPU = Debug|Any CPU
		Release|Any CPU = Release|Any CPU
	EndGlobalSection
	GlobalSection(ProjectConfigurationPlatforms) = postSolution
		{7563C1D1-03B5-4F49-8FC0-B46D6842FAE6}.Debug|Any CPU.ActiveCfg = Debug|Any CPU
		{7563C1D1-03B5-4F49-8FC0-B46D6842FAE6}.Debug|Any CPU.Build.0 = Debug|Any CPU
		{7563C1D1-03B5-4F49-8FC0-B46D6842FAE6}.Release|Any CPU.ActiveCfg = Release|Any CPU
		{7563C1D1-03B5-4F49-8FC0-B46D6842FAE6}.Release|Any CPU.Build.0 = Release|Any CPU
	EndGlobalSection
	GlobalSection(SolutionProperties) = preSolution
		HideSolutionNode = FALSE
	EndGlobalSection
	GlobalSection(ExtensibilityGlobals) = postSolution
		SolutionGuid = {9D8296CC-EC1A-452D-BB3F-9EF369558EE9}
	EndGlobalSection
EndGlobal
